
Microsoft Visual Studio Solution File, Format Version 12.00
# Visual Studio Version 17
VisualStudioVersion = 17.8.34330.188
MinimumVisualStudioVersion = 10.0.40219.1
Project("{8BC9CEB8-8B4A-11D0-8D11-00A0C91BC942}") = "plugin", "ib-cpapi-plugin\ib-cpapi-plugin.vcxproj", "{74AF3DAF-ED40-4F3C-8154-3C6CEA17AA05}"
EndProject
Project("{2150E333-8FDC-42A3-9474-1A3956D46DE8}") = "Projektmappenelemente", "Projektmappenelemente", "{E714B253-3872-40D3-BA5A-74765F57A823}"
	ProjectSection(SolutionItems) = preProject
		README.md = README.md
	EndProjectSection
EndProject
Global
	GlobalSection(SolutionConfigurationPlatforms) = preSolution
		Debug|x64 = Debug|x64
		Debug|x86 = Debug|x86
		Release|x64 = Release|x64
		Release|x86 = Release|x86
	EndGlobalSection
	GlobalSection(ProjectConfigurationPlatforms) = postSolution
		{74AF3DAF-ED40-4F3C-8154-3C6CEA17AA05}.Debug|x64.ActiveCfg = Debug|x64
		{74AF3DAF-ED40-4F3C-8154-3C6CEA17AA05}.Debug|x64.Build.0 = Debug|x64
		{74AF3DAF-ED40-4F3C-8154-3C6CEA17AA05}.Debug|x86.ActiveCfg = Debug|Win32
		{74AF3DAF-ED40-4F3C-8154-3C6CEA17AA05}.Debug|x86.Build.0 = Debug|Win32
		{74AF3DAF-ED40-4F3C-8154-3C6CEA17AA05}.Release|x64.ActiveCfg = Release|x64
		{74AF3DAF-ED40-4F3C-8154-3C6CEA17AA05}.Release|x64.Build.0 = Release|x64
		{74AF3DAF-ED40-4F3C-8154-3C6CEA17AA05}.Release|x86.ActiveCfg = Release|Win32
		{74AF3DAF-ED40-4F3C-8154-3C6CEA17AA05}.Release|x86.Build.0 = Release|Win32
	EndGlobalSection
	GlobalSection(SolutionProperties) = preSolution
		HideSolutionNode = FALSE
	EndGlobalSection
	GlobalSection(ExtensibilityGlobals) = postSolution
		SolutionGuid = {7E968938-8423-4919-8679-34D7D08463FA}
	EndGlobalSection
EndGlobal
